// !$*UTF8*$!
{
	archiveVersion = 1;
	classes = {
	};
	objectVersion = 56;
	objects = {

/* Begin PBXBuildFile section */
		49700ABF2F9B1B7800FEAAEF /* GoogleGenerativeAI in Frameworks */ = {isa = PBXBuildFile; productRef = 49700ABE2F9B1B7800FEAAEF /* GoogleGenerativeAI */; };
		AA0000000000000000000021 /* App.swift in Sources */ = {isa = PBXBuildFile; fileRef = AA0000000000000000000011 /* App.swift */; };
		AA0000000000000000000022 /* ContentView.swift in Sources */ = {isa = PBXBuildFile; fileRef = AA0000000000000000000012 /* ContentView.swift */; };
		AA0000000000000000000023 /* HikingSession.swift in Sources */ = {isa = PBXBuildFile; fileRef = AA0000000000000000000013 /* HikingSession.swift */; };
		AA0000000000000000000024 /* LocationManager.swift in Sources */ = {isa = PBXBuildFile; fileRef = AA0000000000000000000014 /* LocationManager.swift */; };
		AA0000000000000000000025 /* Formatters.swift in Sources */ = {isa = PBXBuildFile; fileRef = AA0000000000000000000015 /* Formatters.swift */; };
		AA0000000000000000000026 /* HomeView.swift in Sources */ = {isa = PBXBuildFile; fileRef = AA0000000000000000000016 /* HomeView.swift */; };
		AA0000000000000000000027 /* ActiveHikeView.swift in Sources */ = {isa = PBXBuildFile; fileRef = AA0000000000000000000017 /* ActiveHikeView.swift */; };
		AA0000000000000000000028 /* SummaryView.swift in Sources */ = {isa = PBXBuildFile; fileRef = AA0000000000000000000018 /* SummaryView.swift */; };
		AA0000000000000000000029 /* MapViewRepresentable.swift in Sources */ = {isa = PBXBuildFile; fileRef = AA0000000000000000000019 /* MapViewRepresentable.swift */; };
		AA000000000000000000002A /* RouteMapView.swift in Sources */ = {isa = PBXBuildFile; fileRef = AA000000000000000000001A /* RouteMapView.swift */; };
		AA000000000000000000002B /* StatTile.swift in Sources */ = {isa = PBXBuildFile; fileRef = AA000000000000000000001B /* StatTile.swift */; };
		AA000000000000000000002C /* SummaryStatCard.swift in Sources */ = {isa = PBXBuildFile; fileRef = AA000000000000000000001C /* SummaryStatCard.swift */; };
		AA000000000000000000002D /* Assets.xcassets in Resources */ = {isa = PBXBuildFile; fileRef = AA000000000000000000001D /* Assets.xcassets */; };
		AA000000000000000000002E /* WelcomeView.swift in Sources */ = {isa = PBXBuildFile; fileRef = AA000000000000000000001E /* WelcomeView.swift */; };
		AA000000000000000000002F /* HomeMapBackground.swift in Sources */ = {isa = PBXBuildFile; fileRef = AA000000000000000000001F /* HomeMapBackground.swift */; };
		AA0000000000000000000041 /* WalkingFigureView.swift in Sources */ = {isa = PBXBuildFile; fileRef = AA0000000000000000000040 /* WalkingFigureView.swift */; };
		AA0000000000000000000043 /* HealthKitManager.swift in Sources */ = {isa = PBXBuildFile; fileRef = AA0000000000000000000042 /* HealthKitManager.swift */; };
		AA0000000000000000000046 /* WeatherManager.swift in Sources */ = {isa = PBXBuildFile; fileRef = AA0000000000000000000045 /* WeatherManager.swift */; };
		AA0000000000000000000048 /* WeatherWidget.swift in Sources */ = {isa = PBXBuildFile; fileRef = AA0000000000000000000047 /* WeatherWidget.swift */; };
/* End PBXBuildFile section */

/* Begin PBXFileReference section */
		AA0000000000000000000004 /* HikApp.app */ = {isa = PBXFileReference; explicitFileType = wrapper.application; includeInIndex = 0; path = HikApp.app; sourceTree = BUILT_PRODUCTS_DIR; };
		AA0000000000000000000010 /* Info.plist */ = {isa = PBXFileReference; lastKnownFileType = text.plist.xml; path = Info.plist; sourceTree = "<group>"; };
		AA0000000000000000000011 /* App.swift */ = {isa = PBXFileReference; lastKnownFileType = sourcecode.swift; path = App.swift; sourceTree = "<group>"; };
		AA0000000000000000000012 /* ContentView.swift */ = {isa = PBXFileReference; lastKnownFileType = sourcecode.swift; path = ContentView.swift; sourceTree = "<group>"; };
		AA0000000000000000000013 /* HikingSession.swift */ = {isa = PBXFileReference; lastKnownFileType = sourcecode.swift; path = HikingSession.swift; sourceTree = "<group>"; };
		AA0000000000000000000014 /* LocationManager.swift */ = {isa = PBXFileReference; lastKnownFileType = sourcecode.swift; path = LocationManager.swift; sourceTree = "<group>"; };
		AA0000000000000000000015 /* Formatters.swift */ = {isa = PBXFileReference; lastKnownFileType = sourcecode.swift; path = Formatters.swift; sourceTree = "<group>"; };
		AA0000000000000000000016 /* HomeView.swift */ = {isa = PBXFileReference; lastKnownFileType = sourcecode.swift; path = HomeView.swift; sourceTree = "<group>"; };
		AA0000000000000000000017 /* ActiveHikeView.swift */ = {isa = PBXFileReference; lastKnownFileType = sourcecode.swift; path = ActiveHikeView.swift; sourceTree = "<group>"; };
		AA0000000000000000000018 /* SummaryView.swift */ = {isa = PBXFileReference; lastKnownFileType = sourcecode.swift; path = SummaryView.swift; sourceTree = "<group>"; };
		AA0000000000000000000019 /* MapViewRepresentable.swift */ = {isa = PBXFileReference; lastKnownFileType = sourcecode.swift; path = MapViewRepresentable.swift; sourceTree = "<group>"; };
		AA000000000000000000001A /* RouteMapView.swift */ = {isa = PBXFileReference; lastKnownFileType = sourcecode.swift; path = RouteMapView.swift; sourceTree = "<group>"; };
		AA000000000000000000001B /* StatTile.swift */ = {isa = PBXFileReference; lastKnownFileType = sourcecode.swift; path = StatTile.swift; sourceTree = "<group>"; };
		AA000000000000000000001C /* SummaryStatCard.swift */ = {isa = PBXFileReference; lastKnownFileType = sourcecode.swift; path = SummaryStatCard.swift; sourceTree = "<group>"; };
		AA000000000000000000001D /* Assets.xcassets */ = {isa = PBXFileReference; lastKnownFileType = folder.assetcatalog; path = Assets.xcassets; sourceTree = "<group>"; };
		AA000000000000000000001E /* WelcomeView.swift */ = {isa = PBXFileReference; lastKnownFileType = sourcecode.swift; path = WelcomeView.swift; sourceTree = "<group>"; };
		AA000000000000000000001F /* HomeMapBackground.swift */ = {isa = PBXFileReference; lastKnownFileType = sourcecode.swift; path = HomeMapBackground.swift; sourceTree = "<group>"; };
		AA0000000000000000000040 /* WalkingFigureView.swift */ = {isa = PBXFileReference; lastKnownFileType = sourcecode.swift; path = WalkingFigureView.swift; sourceTree = "<group>"; };
		AA0000000000000000000042 /* HealthKitManager.swift */ = {isa = PBXFileReference; lastKnownFileType = sourcecode.swift; path = HealthKitManager.swift; sourceTree = "<group>"; };
		AA0000000000000000000044 /* HikApp.entitlements */ = {isa = PBXFileReference; lastKnownFileType = text.plist.entitlements; path = HikApp.entitlements; sourceTree = "<group>"; };
		AA0000000000000000000045 /* WeatherManager.swift */ = {isa = PBXFileReference; lastKnownFileType = sourcecode.swift; path = WeatherManager.swift; sourceTree = "<group>"; };
		AA0000000000000000000047 /* WeatherWidget.swift */ = {isa = PBXFileReference; lastKnownFileType = sourcecode.swift; path = WeatherWidget.swift; sourceTree = "<group>"; };
/* End PBXFileReference section */

/* Begin PBXFrameworksBuildPhase section */
		AA0000000000000000000008 /* Frameworks */ = {
			isa = PBXFrameworksBuildPhase;
			buildActionMask = 2147483647;
			files = (
				49700ABF2F9B1B7800FEAAEF /* GoogleGenerativeAI in Frameworks */,
			);
			runOnlyForDeploymentPostprocessing = 0;
		};
/* End PBXFrameworksBuildPhase section */

/* Begin PBXGroup section */
		AA0000000000000000000002 = {
			isa = PBXGroup;
			children = (
				AA0000000000000000000030 /* Sources */,
				AA000000000000000000001D /* Assets.xcassets */,
				AA0000000000000000000003 /* Products */,
			);
			sourceTree = "<group>";
		};
		AA0000000000000000000003 /* Products */ = {
			isa = PBXGroup;
			children = (
				AA0000000000000000000004 /* HikApp.app */,
			);
			name = Products;
			sourceTree = "<group>";
		};
		AA0000000000000000000030 /* Sources */ = {
			isa = PBXGroup;
			children = (
				AA0000000000000000000011 /* App.swift */,
				AA0000000000000000000012 /* ContentView.swift */,
				AA0000000000000000000010 /* Info.plist */,
				AA0000000000000000000044 /* HikApp.entitlements */,
				AA0000000000000000000031 /* Models */,
				AA0000000000000000000032 /* Managers */,
				AA0000000000000000000033 /* Extensions */,
				AA0000000000000000000034 /* Views */,
			);
			path = Sources;
			sourceTree = "<group>";
		};
		AA0000000000000000000031 /* Models */ = {
			isa = PBXGroup;
			children = (
				AA0000000000000000000013 /* HikingSession.swift */,
			);
			path = Models;
			sourceTree = "<group>";
		};
		AA0000000000000000000032 /* Managers */ = {
			isa = PBXGroup;
			children = (
				AA0000000000000000000014 /* LocationManager.swift */,
				AA0000000000000000000042 /* HealthKitManager.swift */,
				AA0000000000000000000045 /* WeatherManager.swift */,
			);
			path = Managers;
			sourceTree = "<group>";
		};
		AA0000000000000000000033 /* Extensions */ = {
			isa = PBXGroup;
			children = (
				AA0000000000000000000015 /* Formatters.swift */,
			);
			path = Extensions;
			sourceTree = "<group>";
		};
		AA0000000000000000000034 /* Views */ = {
			isa = PBXGroup;
			children = (
				AA000000000000000000001E /* WelcomeView.swift */,
				AA0000000000000000000016 /* HomeView.swift */,
				AA0000000000000000000017 /* ActiveHikeView.swift */,
				AA0000000000000000000018 /* SummaryView.swift */,
				AA0000000000000000000035 /* Maps */,
				AA0000000000000000000036 /* Components */,
			);
			path = Views;
			sourceTree = "<group>";
		};
		AA0000000000000000000035 /* Maps */ = {
			isa = PBXGroup;
			children = (
				AA0000000000000000000019 /* MapViewRepresentable.swift */,
				AA000000000000000000001A /* RouteMapView.swift */,
				AA000000000000000000001F /* HomeMapBackground.swift */,
			);
			path = Maps;
			sourceTree = "<group>";
		};
		AA0000000000000000000036 /* Components */ = {
			isa = PBXGroup;
			children = (
				AA000000000000000000001B /* StatTile.swift */,
				AA000000000000000000001C /* SummaryStatCard.swift */,
				AA0000000000000000000040 /* WalkingFigureView.swift */,
				AA0000000000000000000047 /* WeatherWidget.swift */,
			);
			path = Components;
			sourceTree = "<group>";
		};
/* End PBXGroup section */

/* Begin PBXNativeTarget section */
		AA0000000000000000000005 /* HikApp */ = {
			isa = PBXNativeTarget;
			buildConfigurationList = AA000000000000000000000A /* Build configuration list for PBXNativeTarget "HikApp" */;
			buildPhases = (
				AA0000000000000000000006 /* Sources */,
				AA0000000000000000000007 /* Resources */,
				AA0000000000000000000008 /* Frameworks */,
			);
			buildRules = (
			);
			dependencies = (
			);
			name = HikApp;
			productName = HikApp;
			productReference = AA0000000000000000000004 /* HikApp.app */;
			productType = "com.apple.product-type.application";
		};
/* End PBXNativeTarget section */

/* Begin PBXProject section */
		AA0000000000000000000001 /* Project object */ = {
			isa = PBXProject;
			attributes = {
				BuildIndependentTargetsInParallel = 1;
				LastSwiftUpdateCheck = 1500;
				LastUpgradeCheck = 2640;
				TargetAttributes = {
					AA0000000000000000000005 = {
						CreatedOnToolsVersion = 15.0;
					};
				};
			};
			buildConfigurationList = AA0000000000000000000009 /* Build configuration list for PBXProject "HikApp" */;
			compatibilityVersion = "Xcode 14.0";
			developmentRegion = en;
			hasScannedForEncodings = 0;
			knownRegions = (
				en,
				Base,
			);
			mainGroup = AA0000000000000000000002;
			packageReferences = (
				49700ABD2F9B1B7800FEAAEF /* XCRemoteSwiftPackageReference "generative-ai-swift" */,
			);
			productRefGroup = AA0000000000000000000003 /* Products */;
			projectDirPath = "";
			projectRoot = "";
			targets = (
				AA0000000000000000000005 /* HikApp */,
			);
		};
/* End PBXProject section */

/* Begin PBXResourcesBuildPhase section */
		AA0000000000000000000007 /* Resources */ = {
			isa = PBXResourcesBuildPhase;
			buildActionMask = 2147483647;
			files = (
				AA000000000000000000002D /* Assets.xcassets in Resources */,
			);
			runOnlyForDeploymentPostprocessing = 0;
		};
/* End PBXResourcesBuildPhase section */

/* Begin PBXSourcesBuildPhase section */
		AA0000000000000000000006 /* Sources */ = {
			isa = PBXSourcesBuildPhase;
			buildActionMask = 2147483647;
			files = (
				AA0000000000000000000021 /* App.swift in Sources */,
				AA0000000000000000000022 /* ContentView.swift in Sources */,
				AA0000000000000000000023 /* HikingSession.swift in Sources */,
				AA0000000000000000000024 /* LocationManager.swift in Sources */,
				AA0000000000000000000043 /* HealthKitManager.swift in Sources */,
				AA0000000000000000000046 /* WeatherManager.swift in Sources */,
				AA0000000000000000000048 /* WeatherWidget.swift in Sources */,
				AA0000000000000000000025 /* Formatters.swift in Sources */,
				AA0000000000000000000026 /* HomeView.swift in Sources */,
				AA0000000000000000000027 /* ActiveHikeView.swift in Sources */,
				AA0000000000000000000028 /* SummaryView.swift in Sources */,
				AA0000000000000000000029 /* MapViewRepresentable.swift in Sources */,
				AA000000000000000000002A /* RouteMapView.swift in Sources */,
				AA000000000000000000002B /* StatTile.swift in Sources */,
				AA000000000000000000002C /* SummaryStatCard.swift in Sources */,
				AA000000000000000000002E /* WelcomeView.swift in Sources */,
				AA000000000000000000002F /* HomeMapBackground.swift in Sources */,
				AA0000000000000000000041 /* WalkingFigureView.swift in Sources */,
			);
			runOnlyForDeploymentPostprocessing = 0;
		};
/* End PBXSourcesBuildPhase section */

/* Begin XCBuildConfiguration section */
		AA000000000000000000000B /* Debug */ = {
			isa = XCBuildConfiguration;
			buildSettings = {
				ALWAYS_SEARCH_USER_PATHS = NO;
				CLANG_ANALYZER_NONNULL = YES;
				CLANG_ANALYZER_NUMBER_OBJECT_CONVERSION = YES_AGGRESSIVE;
				CLANG_CXX_LANGUAGE_STANDARD = "gnu++20";
				CLANG_ENABLE_MODULES = YES;
				CLANG_ENABLE_OBJC_ARC = YES;
				CLANG_ENABLE_OBJC_WEAK = YES;
				CLANG_WARN_BLOCK_CAPTURE_AUTORELEASING = YES;
				CLANG_WARN_BOOL_CONVERSION = YES;
				CLANG_WARN_COMMA = YES;
				CLANG_WARN_CONSTANT_CONVERSION = YES;
				CLANG_WARN_DEPRECATED_OBJC_IMPLEMENTATIONS = YES;
				CLANG_WARN_DIRECT_OBJC_ISA_USAGE = YES_ERROR;
				CLANG_WARN_DOCUMENTATION_COMMENTS = YES;
				CLANG_WARN_EMPTY_BODY = YES;
				CLANG_WARN_ENUM_CONVERSION = YES;
				CLANG_WARN_INFINITE_RECURSION = YES;
				CLANG_WARN_INT_CONVERSION = YES;
				CLANG_WARN_NON_LITERAL_NULL_CONVERSION = YES;
				CLANG_WARN_OBJC_IMPLICIT_RETAIN_SELF = YES;
				CLANG_WARN_OBJC_LITERAL_CONVERSION = YES;
				CLANG_WARN_OBJC_ROOT_CLASS = YES_ERROR;
				CLANG_WARN_QUOTED_INCLUDE_IN_FRAMEWORK_HEADER = YES;
				CLANG_WARN_RANGE_LOOP_ANALYSIS = YES;
				CLANG_WARN_STRICT_PROTOTYPES = YES;
				CLANG_WARN_SUSPICIOUS_MOVE = YES;
				CLANG_WARN_UNGUARDED_AVAILABILITY = YES_AGGRESSIVE;
				CLANG_WARN_UNREACHABLE_CODE = YES;
				CLANG_WARN__DUPLICATE_METHOD_MATCH = YES;
				COPY_PHASE_STRIP = NO;
				DEBUG_INFORMATION_FORMAT = dwarf;
				ENABLE_STRICT_OBJC_MSGSEND = YES;
				ENABLE_TESTABILITY = YES;
				ENABLE_USER_SCRIPT_SANDBOXING = YES;
				GCC_C_LANGUAGE_STANDARD = gnu17;
				GCC_DYNAMIC_NO_PIC = NO;
				GCC_NO_COMMON_BLOCKS = YES;
				GCC_OPTIMIZATION_LEVEL = 0;
				GCC_PREPROCESSOR_DEFINITIONS = (
					"DEBUG=1",
					"$(inherited)",
				);
				GCC_WARN_64_TO_32_BIT_CONVERSION = YES;
				GCC_WARN_ABOUT_RETURN_TYPE = YES_ERROR;
				GCC_WARN_UNDECLARED_SELECTOR = YES;
				GCC_WARN_UNINITIALIZED_AUTOS = YES_AGGRESSIVE;
				GCC_WARN_UNUSED_FUNCTION = YES;
				GCC_WARN_UNUSED_VARIABLE = YES;
				IPHONEOS_DEPLOYMENT_TARGET = 16.0;
				MTL_ENABLE_DEBUG_INFO = INCLUDE_SOURCE;
				MTL_FAST_MATH = YES;
				ONLY_ACTIVE_ARCH = YES;
				SDKROOT = iphoneos;
				STRING_CATALOG_GENERATE_SYMBOLS = YES;
				SWIFT_ACTIVE_COMPILATION_CONDITIONS = "DEBUG $(inherited)";
				SWIFT_OPTIMIZATION_LEVEL = "-Onone";
			};
			name = Debug;
		};
		AA000000000000000000000C /* Release */ = {
			isa = XCBuildConfiguration;
			buildSettings = {
				ALWAYS_SEARCH_USER_PATHS = NO;
				CLANG_ANALYZER_NONNULL = YES;
				CLANG_ANALYZER_NUMBER_OBJECT_CONVERSION = YES_AGGRESSIVE;
				CLANG_CXX_LANGUAGE_STANDARD = "gnu++20";
				CLANG_ENABLE_MODULES = YES;
				CLANG_ENABLE_OBJC_ARC = YES;
				CLANG_ENABLE_OBJC_WEAK = YES;
				CLANG_WARN_BLOCK_CAPTURE_AUTORELEASING = YES;
				CLANG_WARN_BOOL_CONVERSION = YES;
				CLANG_WARN_COMMA = YES;
				CLANG_WARN_CONSTANT_CONVERSION = YES;
				CLANG_WARN_DEPRECATED_OBJC_IMPLEMENTATIONS = YES;
				CLANG_WARN_DIRECT_OBJC_ISA_USAGE = YES_ERROR;
				CLANG_WARN_DOCUMENTATION_COMMENTS = YES;
				CLANG_WARN_EMPTY_BODY = YES;
				CLANG_WARN_ENUM_CONVERSION = YES;
				CLANG_WARN_INFINITE_RECURSION = YES;
				CLANG_WARN_INT_CONVERSION = YES;
				CLANG_WARN_NON_LITERAL_NULL_CONVERSION = YES;
				CLANG_WARN_OBJC_IMPLICIT_RETAIN_SELF = YES;
				CLANG_WARN_OBJC_LITERAL_CONVERSION = YES;
				CLANG_WARN_OBJC_ROOT_CLASS = YES_ERROR;
				CLANG_WARN_QUOTED_INCLUDE_IN_FRAMEWORK_HEADER = YES;
				CLANG_WARN_RANGE_LOOP_ANALYSIS = YES;
				CLANG_WARN_STRICT_PROTOTYPES = YES;
				CLANG_WARN_SUSPICIOUS_MOVE = YES;
				CLANG_WARN_UNGUARDED_AVAILABILITY = YES_AGGRESSIVE;
				CLANG_WARN_UNREACHABLE_CODE = YES;
				CLANG_WARN__DUPLICATE_METHOD_MATCH = YES;
				COPY_PHASE_STRIP = NO;
				DEBUG_INFORMATION_FORMAT = "dwarf-with-dsym";
				ENABLE_NS_ASSERTIONS = NO;
				ENABLE_STRICT_OBJC_MSGSEND = YES;
				ENABLE_USER_SCRIPT_SANDBOXING = YES;
				GCC_C_LANGUAGE_STANDARD = gnu17;
				GCC_NO_COMMON_BLOCKS = YES;
				GCC_WARN_64_TO_32_BIT_CONVERSION = YES;
				GCC_WARN_ABOUT_RETURN_TYPE = YES_ERROR;
				GCC_WARN_UNDECLARED_SELECTOR = YES;
				GCC_WARN_UNINITIALIZED_AUTOS = YES_AGGRESSIVE;
				GCC_WARN_UNUSED_FUNCTION = YES;
				GCC_WARN_UNUSED_VARIABLE = YES;
				IPHONEOS_DEPLOYMENT_TARGET = 16.0;
				MTL_FAST_MATH = YES;
				SDKROOT = iphoneos;
				STRING_CATALOG_GENERATE_SYMBOLS = YES;
				SWIFT_COMPILATION_MODE = wholemodule;
				SWIFT_OPTIMIZATION_LEVEL = "-O";
				VALIDATE_PRODUCT = YES;
			};
			name = Release;
		};
		AA000000000000000000000D /* Debug */ = {
			isa = XCBuildConfiguration;
			buildSettings = {
				ASSETCATALOG_COMPILER_GLOBAL_ACCENT_COLOR_NAME = AccentColor;
				CODE_SIGN_ENTITLEMENTS = Sources/HikApp.entitlements;
				CODE_SIGN_STYLE = Automatic;
				CURRENT_PROJECT_VERSION = 1;
				ENABLE_PREVIEWS = YES;
				GENERATE_INFOPLIST_FILE = NO;
				INFOPLIST_FILE = Sources/Info.plist;
				IPHONEOS_DEPLOYMENT_TARGET = 16.0;
				LD_RUNPATH_SEARCH_PATHS = (
					"$(inherited)",
					"@executable_path/Frameworks",
				);
				MARKETING_VERSION = 1.0;
				PRODUCT_BUNDLE_IDENTIFIER = com.hikapp;
				PRODUCT_NAME = "$(TARGET_NAME)";
				SWIFT_EMIT_LOC_STRINGS = YES;
				SWIFT_VERSION = 5;
				TARGETED_DEVICE_FAMILY = "1,2";
			};
			name = Debug;
		};
		AA000000000000000000000E /* Release */ = {
			isa = XCBuildConfiguration;
			buildSettings = {
				ASSETCATALOG_COMPILER_GLOBAL_ACCENT_COLOR_NAME = AccentColor;
				CODE_SIGN_ENTITLEMENTS = Sources/HikApp.entitlements;
				CODE_SIGN_STYLE = Automatic;
				CURRENT_PROJECT_VERSION = 1;
				ENABLE_PREVIEWS = YES;
				GENERATE_INFOPLIST_FILE = NO;
				INFOPLIST_FILE = Sources/Info.plist;
				IPHONEOS_DEPLOYMENT_TARGET = 16.0;
				LD_RUNPATH_SEARCH_PATHS = (
					"$(inherited)",
					"@executable_path/Frameworks",
				);
				MARKETING_VERSION = 1.0;
				PRODUCT_BUNDLE_IDENTIFIER = com.hikapp;
				PRODUCT_NAME = "$(TARGET_NAME)";
				SWIFT_EMIT_LOC_STRINGS = YES;
				SWIFT_VERSION = 5;
				TARGETED_DEVICE_FAMILY = "1,2";
			};
			name = Release;
		};
/* End XCBuildConfiguration section */

/* Begin XCConfigurationList section */
		AA0000000000000000000009 /* Build configuration list for PBXProject "HikApp" */ = {
			isa = XCConfigurationList;
			buildConfigurations = (
				AA000000000000000000000B /* Debug */,
				AA000000000000000000000C /* Release */,
			);
			defaultConfigurationIsVisible = 0;
			defaultConfigurationName = Release;
		};
		AA000000000000000000000A /* Build configuration list for PBXNativeTarget "HikApp" */ = {
			isa = XCConfigurationList;
			buildConfigurations = (
				AA000000000000000000000D /* Debug */,
				AA000000000000000000000E /* Release */,
			);
			defaultConfigurationIsVisible = 0;
			defaultConfigurationName = Release;
		};
/* End XCConfigurationList section */

/* Begin XCRemoteSwiftPackageReference section */
		49700ABD2F9B1B7800FEAAEF /* XCRemoteSwiftPackageReference "generative-ai-swift" */ = {
			isa = XCRemoteSwiftPackageReference;
			repositoryURL = "https://github.com/google/generative-ai-swift";
			requirement = {
				kind = upToNextMajorVersion;
				minimumVersion = 0.5.6;
			};
		};
/* End XCRemoteSwiftPackageReference section */

/* Begin XCSwiftPackageProductDependency section */
		49700ABE2F9B1B7800FEAAEF /* GoogleGenerativeAI */ = {
			isa = XCSwiftPackageProductDependency;
			package = 49700ABD2F9B1B7800FEAAEF /* XCRemoteSwiftPackageReference "generative-ai-swift" */;
			productName = GoogleGenerativeAI;
		};
/* End XCSwiftPackageProductDependency section */
	};
	rootObject = AA0000000000000000000001 /* Project object */;
}
